// !$*UTF8*$!
{
	archiveVersion = 1;
	classes = {
	};
	objectVersion = 46;
	objects = {

/* Begin PBXBuildFile section */
		94285F471B005BDA000E6526 /* SettingsViewController.swift in Sources */ = {isa = PBXBuildFile; fileRef = 94285F461B005BDA000E6526 /* SettingsViewController.swift */; };
		94285F491B006455000E6526 /* PhotosViewController.swift in Sources */ = {isa = PBXBuildFile; fileRef = 94285F481B006455000E6526 /* PhotosViewController.swift */; };
		94285F4B1B006BD4000E6526 /* TermsViewController.swift in Sources */ = {isa = PBXBuildFile; fileRef = 94285F4A1B006BD4000E6526 /* TermsViewController.swift */; };
		94286CF31AFD795F008C4116 /* CreateAccountRootViewController.swift in Sources */ = {isa = PBXBuildFile; fileRef = 94286CF21AFD795F008C4116 /* CreateAccountRootViewController.swift */; };
		94286CF61AFD79BC008C4116 /* SignInRootViewController.swift in Sources */ = {isa = PBXBuildFile; fileRef = 94286CF51AFD79BC008C4116 /* SignInRootViewController.swift */; };
		94286CF81AFD79CF008C4116 /* CreateAccountViewController.swift in Sources */ = {isa = PBXBuildFile; fileRef = 94286CF71AFD79CF008C4116 /* CreateAccountViewController.swift */; };
		94286CFA1AFD79E1008C4116 /* SignInViewController.swift in Sources */ = {isa = PBXBuildFile; fileRef = 94286CF91AFD79E1008C4116 /* SignInViewController.swift */; };
		944D5BB41AFAF12900648DD4 /* AppDelegate.swift in Sources */ = {isa = PBXBuildFile; fileRef = 944D5BB31AFAF12900648DD4 /* AppDelegate.swift */; };
		944D5BB61AFAF12900648DD4 /* ViewController.swift in Sources */ = {isa = PBXBuildFile; fileRef = 944D5BB51AFAF12900648DD4 /* ViewController.swift */; };
		944D5BB91AFAF12900648DD4 /* Main.storyboard in Resources */ = {isa = PBXBuildFile; fileRef = 944D5BB71AFAF12900648DD4 /* Main.storyboard */; };
		944D5BBB1AFAF12900648DD4 /* Images.xcassets in Resources */ = {isa = PBXBuildFile; fileRef = 944D5BBA1AFAF12900648DD4 /* Images.xcassets */; };
		944D5BBE1AFAF12900648DD4 /* LaunchScreen.xib in Resources */ = {isa = PBXBuildFile; fileRef = 944D5BBC1AFAF12900648DD4 /* LaunchScreen.xib */; };
		944D5BCA1AFAF12900648DD4 /* dropboxTests.swift in Sources */ = {isa = PBXBuildFile; fileRef = 944D5BC91AFAF12900648DD4 /* dropboxTests.swift */; };
/* End PBXBuildFile section */

/* Begin PBXContainerItemProxy section */
		944D5BC41AFAF12900648DD4 /* PBXContainerItemProxy */ = {
			isa = PBXContainerItemProxy;
			containerPortal = 944D5BA61AFAF12900648DD4 /* Project object */;
			proxyType = 1;
			remoteGlobalIDString = 944D5BAD1AFAF12900648DD4;
			remoteInfo = dropbox;
		};
/* End PBXContainerItemProxy section */

/* Begin PBXFileReference section */
		94285F461B005BDA000E6526 /* SettingsViewController.swift */ = {isa = PBXFileReference; fileEncoding = 4; lastKnownFileType = sourcecode.swift; path = SettingsViewController.swift; sourceTree = "<group>"; };
		94285F481B006455000E6526 /* PhotosViewController.swift */ = {isa = PBXFileReference; fileEncoding = 4; lastKnownFileType = sourcecode.swift; path = PhotosViewController.swift; sourceTree = "<group>"; };
		94285F4A1B006BD4000E6526 /* TermsViewController.swift */ = {isa = PBXFileReference; fileEncoding = 4; lastKnownFileType = sourcecode.swift; path = TermsViewController.swift; sourceTree = "<group>"; };
		94286CF21AFD795F008C4116 /* CreateAccountRootViewController.swift */ = {isa = PBXFileReference; fileEncoding = 4; lastKnownFileType = sourcecode.swift; path = CreateAccountRootViewController.swift; sourceTree = "<group>"; };
		94286CF51AFD79BC008C4116 /* SignInRootViewController.swift */ = {isa = PBXFileReference; fileEncoding = 4; lastKnownFileType = sourcecode.swift; path = SignInRootViewController.swift; sourceTree = "<group>"; };
		94286CF71AFD79CF008C4116 /* CreateAccountViewController.swift */ = {isa = PBXFileReference; fileEncoding = 4; lastKnownFileType = sourcecode.swift; path = CreateAccountViewController.swift; sourceTree = "<group>"; };
		94286CF91AFD79E1008C4116 /* SignInViewController.swift */ = {isa = PBXFileReference; fileEncoding = 4; lastKnownFileType = sourcecode.swift; path = SignInViewController.swift; sourceTree = "<group>"; };
		944D5BAE1AFAF12900648DD4 /* dropbox.app */ = {isa = PBXFileReference; explicitFileType = wrapper.application; includeInIndex = 0; path = dropbox.app; sourceTree = BUILT_PRODUCTS_DIR; };
		944D5BB21AFAF12900648DD4 /* Info.plist */ = {isa = PBXFileReference; lastKnownFileType = text.plist.xml; path = Info.plist; sourceTree = "<group>"; };
		944D5BB31AFAF12900648DD4 /* AppDelegate.swift */ = {isa = PBXFileReference; lastKnownFileType = sourcecode.swift; path = AppDelegate.swift; sourceTree = "<group>"; };
		944D5BB51AFAF12900648DD4 /* ViewController.swift */ = {isa = PBXFileReference; lastKnownFileType = sourcecode.swift; path = ViewController.swift; sourceTree = "<group>"; };
		944D5BB81AFAF12900648DD4 /* Base */ = {isa = PBXFileReference; lastKnownFileType = file.storyboard; name = Base; path = Base.lproj/Main.storyboard; sourceTree = "<group>"; };
		944D5BBA1AFAF12900648DD4 /* Images.xcassets */ = {isa = PBXFileReference; lastKnownFileType = folder.assetcatalog; path = Images.xcassets; sourceTree = "<group>"; };
		944D5BBD1AFAF12900648DD4 /* Base */ = {isa = PBXFileReference; lastKnownFileType = file.xib; name = Base; path = Base.lproj/LaunchScreen.xib; sourceTree = "<group>"; };
		944D5BC31AFAF12900648DD4 /* dropboxTests.xctest */ = {isa = PBXFileReference; explicitFileType = wrapper.cfbundle; includeInIndex = 0; path = dropboxTests.xctest; sourceTree = BUILT_PRODUCTS_DIR; };
		944D5BC81AFAF12900648DD4 /* Info.plist */ = {isa = PBXFileReference; lastKnownFileType = text.plist.xml; path = Info.plist; sourceTree = "<group>"; };
		944D5BC91AFAF12900648DD4 /* dropboxTests.swift */ = {isa = PBXFileReference; lastKnownFileType = sourcecode.swift; path = dropboxTests.swift; sourceTree = "<group>"; };
/* End PBXFileReference section */

/* Begin PBXFrameworksBuildPhase section */
		944D5BAB1AFAF12900648DD4 /* Frameworks */ = {
			isa = PBXFrameworksBuildPhase;
			buildActionMask = 2147483647;
			files = (
			);
			runOnlyForDeploymentPostprocessing = 0;
		};
		944D5BC01AFAF12900648DD4 /* Frameworks */ = {
			isa = PBXFrameworksBuildPhase;
			buildActionMask = 2147483647;
			files = (
			);
			runOnlyForDeploymentPostprocessing = 0;
		};
/* End PBXFrameworksBuildPhase section */

/* Begin PBXGroup section */
		94286CF41AFD7988008C4116 /* View Controllers */ = {
			isa = PBXGroup;
			children = (
				94286CF21AFD795F008C4116 /* CreateAccountRootViewController.swift */,
				94286CF51AFD79BC008C4116 /* SignInRootViewController.swift */,
				94286CF71AFD79CF008C4116 /* CreateAccountViewController.swift */,
				94286CF91AFD79E1008C4116 /* SignInViewController.swift */,
				94285F461B005BDA000E6526 /* SettingsViewController.swift */,
				94285F481B006455000E6526 /* PhotosViewController.swift */,
				94285F4A1B006BD4000E6526 /* TermsViewController.swift */,
			);
			name = "View Controllers";
			sourceTree = "<group>";
		};
		944D5BA51AFAF12900648DD4 = {
			isa = PBXGroup;
			children = (
				944D5BB01AFAF12900648DD4 /* dropbox */,
				944D5BC61AFAF12900648DD4 /* dropboxTests */,
				944D5BAF1AFAF12900648DD4 /* Products */,
			);
			sourceTree = "<group>";
		};
		944D5BAF1AFAF12900648DD4 /* Products */ = {
			isa = PBXGroup;
			children = (
				944D5BAE1AFAF12900648DD4 /* dropbox.app */,
				944D5BC31AFAF12900648DD4 /* dropboxTests.xctest */,
			);
			name = Products;
			sourceTree = "<group>";
		};
		944D5BB01AFAF12900648DD4 /* dropbox */ = {
			isa = PBXGroup;
			children = (
				94286CF41AFD7988008C4116 /* View Controllers */,
				944D5BB31AFAF12900648DD4 /* AppDelegate.swift */,
				944D5BB51AFAF12900648DD4 /* ViewController.swift */,
				944D5BB71AFAF12900648DD4 /* Main.storyboard */,
				944D5BBA1AFAF12900648DD4 /* Images.xcassets */,
				944D5BBC1AFAF12900648DD4 /* LaunchScreen.xib */,
				944D5BB11AFAF12900648DD4 /* Supporting Files */,
			);
			path = dropbox;
			sourceTree = "<group>";
		};
		944D5BB11AFAF12900648DD4 /* Supporting Files */ = {
			isa = PBXGroup;
			children = (
				944D5BB21AFAF12900648DD4 /* Info.plist */,
			);
			name = "Supporting Files";
			sourceTree = "<group>";
		};
		944D5BC61AFAF12900648DD4 /* dropboxTests */ = {
			isa = PBXGroup;
			children = (
				944D5BC91AFAF12900648DD4 /* dropboxTests.swift */,
				944D5BC71AFAF12900648DD4 /* Supporting Files */,
			);
			path = dropboxTests;
			sourceTree = "<group>";
		};
		944D5BC71AFAF12900648DD4 /* Supporting Files */ = {
			isa = PBXGroup;
			children = (
				944D5BC81AFAF12900648DD4 /* Info.plist */,
			);
			name = "Supporting Files";
			sourceTree = "<group>";
		};
/* End PBXGroup section */

/* Begin PBXNativeTarget section */
		944D5BAD1AFAF12900648DD4 /* dropbox */ = {
			isa = PBXNativeTarget;
			buildConfigurationList = 944D5BCD1AFAF12900648DD4 /* Build configuration list for PBXNativeTarget "dropbox" */;
			buildPhases = (
				944D5BAA1AFAF12900648DD4 /* Sources */,
				944D5BAB1AFAF12900648DD4 /* Frameworks */,
				944D5BAC1AFAF12900648DD4 /* Resources */,
			);
			buildRules = (
			);
			dependencies = (
			);
			name = dropbox;
			productName = dropbox;
			productReference = 944D5BAE1AFAF12900648DD4 /* dropbox.app */;
			productType = "com.apple.product-type.application";
		};
		944D5BC21AFAF12900648DD4 /* dropboxTests */ = {
			isa = PBXNativeTarget;
			buildConfigurationList = 944D5BD01AFAF12900648DD4 /* Build configuration list for PBXNativeTarget "dropboxTests" */;
			buildPhases = (
				944D5BBF1AFAF12900648DD4 /* Sources */,
				944D5BC01AFAF12900648DD4 /* Frameworks */,
				944D5BC11AFAF12900648DD4 /* Resources */,
			);
			buildRules = (
			);
			dependencies = (
				944D5BC51AFAF12900648DD4 /* PBXTargetDependency */,
			);
			name = dropboxTests;
			productName = dropboxTests;
			productReference = 944D5BC31AFAF12900648DD4 /* dropboxTests.xctest */;
			productType = "com.apple.product-type.bundle.unit-test";
		};
/* End PBXNativeTarget section */

/* Begin PBXProject section */
		944D5BA61AFAF12900648DD4 /* Project object */ = {
			isa = PBXProject;
			attributes = {
				LastUpgradeCheck = 0630;
				ORGANIZATIONNAME = "Francisco Guzman";
				TargetAttributes = {
					944D5BAD1AFAF12900648DD4 = {
						CreatedOnToolsVersion = 6.3.1;
					};
					944D5BC21AFAF12900648DD4 = {
						CreatedOnToolsVersion = 6.3.1;
						TestTargetID = 944D5BAD1AFAF12900648DD4;
					};
				};
			};
			buildConfigurationList = 944D5BA91AFAF12900648DD4 /* Build configuration list for PBXProject "dropbox" */;
			compatibilityVersion = "Xcode 3.2";
			developmentRegion = English;
			hasScannedForEncodings = 0;
			knownRegions = (
				en,
				Base,
			);
			mainGroup = 944D5BA51AFAF12900648DD4;
			productRefGroup = 944D5BAF1AFAF12900648DD4 /* Products */;
			projectDirPath = "";
			projectRoot = "";
			targets = (
				944D5BAD1AFAF12900648DD4 /* dropbox */,
				944D5BC21AFAF12900648DD4 /* dropboxTests */,
			);
		};
/* End PBXProject section */

/* Begin PBXResourcesBuildPhase section */
		944D5BAC1AFAF12900648DD4 /* Resources */ = {
			isa = PBXResourcesBuildPhase;
			buildActionMask = 2147483647;
			files = (
				944D5BB91AFAF12900648DD4 /* Main.storyboard in Resources */,
				944D5BBE1AFAF12900648DD4 /* LaunchScreen.xib in Resources */,
				944D5BBB1AFAF12900648DD4 /* Images.xcassets in Resources */,
			);
			runOnlyForDeploymentPostprocessing = 0;
		};
		944D5BC11AFAF12900648DD4 /* Resources */ = {
			isa = PBXResourcesBuildPhase;
			buildActionMask = 2147483647;
			files = (
			);
			runOnlyForDeploymentPostprocessing = 0;
		};
/* End PBXResourcesBuildPhase section */

/* Begin PBXSourcesBuildPhase section */
		944D5BAA1AFAF12900648DD4 /* Sources */ = {
			isa = PBXSourcesBuildPhase;
			buildActionMask = 2147483647;
			files = (
				94286CF81AFD79CF008C4116 /* CreateAccountViewController.swift in Sources */,
				94285F491B006455000E6526 /* PhotosViewController.swift in Sources */,
				94286CF61AFD79BC008C4116 /* SignInRootViewController.swift in Sources */,
				94285F471B005BDA000E6526 /* SettingsViewController.swift in Sources */,
				94285F4B1B006BD4000E6526 /* TermsViewController.swift in Sources */,
				94286CFA1AFD79E1008C4116 /* SignInViewController.swift in Sources */,
				94286CF31AFD795F008C4116 /* CreateAccountRootViewController.swift in Sources */,
				944D5BB61AFAF12900648DD4 /* ViewController.swift in Sources */,
				944D5BB41AFAF12900648DD4 /* AppDelegate.swift in Sources */,
			);
			runOnlyForDeploymentPostprocessing = 0;
		};
		944D5BBF1AFAF12900648DD4 /* Sources */ = {
			isa = PBXSourcesBuildPhase;
			buildActionMask = 2147483647;
			files = (
				944D5BCA1AFAF12900648DD4 /* dropboxTests.swift in Sources */,
			);
			runOnlyForDeploymentPostprocessing = 0;
		};
/* End PBXSourcesBuildPhase section */

/* Begin PBXTargetDependency section */
		944D5BC51AFAF12900648DD4 /* PBXTargetDependency */ = {
			isa = PBXTargetDependency;
			target = 944D5BAD1AFAF12900648DD4 /* dropbox */;
			targetProxy = 944D5BC41AFAF12900648DD4 /* PBXContainerItemProxy */;
		};
/* End PBXTargetDependency section */

/* Begin PBXVariantGroup section */
		944D5BB71AFAF12900648DD4 /* Main.storyboard */ = {
			isa = PBXVariantGroup;
			children = (
				944D5BB81AFAF12900648DD4 /* Base */,
			);
			name = Main.storyboard;
			sourceTree = "<group>";
		};
		944D5BBC1AFAF12900648DD4 /* LaunchScreen.xib */ = {
			isa = PBXVariantGroup;
			children = (
				944D5BBD1AFAF12900648DD4 /* Base */,
			);
			name = LaunchScreen.xib;
			sourceTree = "<group>";
		};
/* End PBXVariantGroup section */

/* Begin XCBuildConfiguration section */
		944D5BCB1AFAF12900648DD4 /* Debug */ = {
			isa = XCBuildConfiguration;
			buildSettings = {
				ALWAYS_SEARCH_USER_PATHS = NO;
				CLANG_CXX_LANGUAGE_STANDARD = "gnu++0x";
				CLANG_CXX_LIBRARY = "libc++";
				CLANG_ENABLE_MODULES = YES;
				CLANG_ENABLE_OBJC_ARC = YES;
				CLANG_WARN_BOOL_CONVERSION = YES;
				CLANG_WARN_CONSTANT_CONVERSION = YES;
				CLANG_WARN_DIRECT_OBJC_ISA_USAGE = YES_ERROR;
				CLANG_WARN_EMPTY_BODY = YES;
				CLANG_WARN_ENUM_CONVERSION = YES;
				CLANG_WARN_INT_CONVERSION = YES;
				CLANG_WARN_OBJC_ROOT_CLASS = YES_ERROR;
				CLANG_WARN_UNREACHABLE_CODE = YES;
				CLANG_WARN__DUPLICATE_METHOD_MATCH = YES;
				"CODE_SIGN_IDENTITY[sdk=iphoneos*]" = "iPhone Developer";
				COPY_PHASE_STRIP = NO;
				DEBUG_INFORMATION_FORMAT = "dwarf-with-dsym";
				ENABLE_STRICT_OBJC_MSGSEND = YES;
				GCC_C_LANGUAGE_STANDARD = gnu99;
				GCC_DYNAMIC_NO_PIC = NO;
				GCC_NO_COMMON_BLOCKS = YES;
				GCC_OPTIMIZATION_LEVEL = 0;
				GCC_PREPROCESSOR_DEFINITIONS = (
					"DEBUG=1",
					"$(inherited)",
				);
				GCC_SYMBOLS_PRIVATE_EXTERN = NO;
				GCC_WARN_64_TO_32_BIT_CONVERSION = YES;
				GCC_WARN_ABOUT_RETURN_TYPE = YES_ERROR;
				GCC_WARN_UNDECLARED_SELECTOR = YES;
				GCC_WARN_UNINITIALIZED_AUTOS = YES_AGGRESSIVE;
				GCC_WARN_UNUSED_FUNCTION = YES;
				GCC_WARN_UNUSED_VARIABLE = YES;
				IPHONEOS_DEPLOYMENT_TARGET = 8.3;
				MTL_ENABLE_DEBUG_INFO = YES;
				ONLY_ACTIVE_ARCH = YES;
				SDKROOT = iphoneos;
				SWIFT_OPTIMIZATION_LEVEL = "-Onone";
			};
			name = Debug;
		};
		944D5BCC1AFAF12900648DD4 /* Release */ = {
			isa = XCBuildConfiguration;
			buildSettings = {
				ALWAYS_SEARCH_USER_PATHS = NO;
				CLANG_CXX_LANGUAGE_STANDARD = "gnu++0x";
				CLANG_CXX_LIBRARY = "libc++";
				CLANG_ENABLE_MODULES = YES;
				CLANG_ENABLE_OBJC_ARC = YES;
				CLANG_WARN_BOOL_CONVERSION = YES;
				CLANG_WARN_CONSTANT_CONVERSION = YES;
				CLANG_WARN_DIRECT_OBJC_ISA_USAGE = YES_ERROR;
				CLANG_WARN_EMPTY_BODY = YES;
				CLANG_WARN_ENUM_CONVERSION = YES;
				CLANG_WARN_INT_CONVERSION = YES;
				CLANG_WARN_OBJC_ROOT_CLASS = YES_ERROR;
				CLANG_WARN_UNREACHABLE_CODE = YES;
				CLANG_WARN__DUPLICATE_METHOD_MATCH = YES;
				"CODE_SIGN_IDENTITY[sdk=iphoneos*]" = "iPhone Developer";
				COPY_PHASE_STRIP = NO;
				DEBUG_INFORMATION_FORMAT = "dwarf-with-dsym";
				ENABLE_NS_ASSERTIONS = NO;
				ENABLE_STRICT_OBJC_MSGSEND = YES;
				GCC_C_LANGUAGE_STANDARD = gnu99;
				GCC_NO_COMMON_BLOCKS = YES;
				GCC_WARN_64_TO_32_BIT_CONVERSION = YES;
				GCC_WARN_ABOUT_RETURN_TYPE = YES_ERROR;
				GCC_WARN_UNDECLARED_SELECTOR = YES;
				GCC_WARN_UNINITIALIZED_AUTOS = YES_AGGRESSIVE;
				GCC_WARN_UNUSED_FUNCTION = YES;
				GCC_WARN_UNUSED_VARIABLE = YES;
				IPHONEOS_DEPLOYMENT_TARGET = 8.3;
				MTL_ENABLE_DEBUG_INFO = NO;
				SDKROOT = iphoneos;
				VALIDATE_PRODUCT = YES;
			};
			name = Release;
		};
		944D5BCE1AFAF12900648DD4 /* Debug */ = {
			isa = XCBuildConfiguration;
			buildSettings = {
				ASSETCATALOG_COMPILER_APPICON_NAME = AppIcon;
				ASSETCATALOG_COMPILER_LAUNCHIMAGE_NAME = LaunchImage;
				INFOPLIST_FILE = dropbox/Info.plist;
				LD_RUNPATH_SEARCH_PATHS = "$(inherited) @executable_path/Frameworks";
				PRODUCT_NAME = "$(TARGET_NAME)";
			};
			name = Debug;
		};
		944D5BCF1AFAF12900648DD4 /* Release */ = {
			isa = XCBuildConfiguration;
			buildSettings = {
				ASSETCATALOG_COMPILER_APPICON_NAME = AppIcon;
				ASSETCATALOG_COMPILER_LAUNCHIMAGE_NAME = LaunchImage;
				INFOPLIST_FILE = dropbox/Info.plist;
				LD_RUNPATH_SEARCH_PATHS = "$(inherited) @executable_path/Frameworks";
				PRODUCT_NAME = "$(TARGET_NAME)";
			};
			name = Release;
		};
		944D5BD11AFAF12900648DD4 /* Debug */ = {
			isa = XCBuildConfiguration;
			buildSettings = {
				BUNDLE_LOADER = "$(TEST_HOST)";
				FRAMEWORK_SEARCH_PATHS = (
					"$(SDKROOT)/Developer/Library/Frameworks",
					"$(inherited)",
				);
				GCC_PREPROCESSOR_DEFINITIONS = (
					"DEBUG=1",
					"$(inherited)",
				);
				INFOPLIST_FILE = dropboxTests/Info.plist;
				LD_RUNPATH_SEARCH_PATHS = "$(inherited) @executable_path/Frameworks @loader_path/Frameworks";
				PRODUCT_NAME = "$(TARGET_NAME)";
				TEST_HOST = "$(BUILT_PRODUCTS_DIR)/dropbox.app/dropbox";
			};
			name = Debug;
		};
		944D5BD21AFAF12900648DD4 /* Release */ = {
			isa = XCBuildConfiguration;
			buildSettings = {
				BUNDLE_LOADER = "$(TEST_HOST)";
				FRAMEWORK_SEARCH_PATHS = (
					"$(SDKROOT)/Developer/Library/Frameworks",
					"$(inherited)",
				);
				INFOPLIST_FILE = dropboxTests/Info.plist;
				LD_RUNPATH_SEARCH_PATHS = "$(inherited) @executable_path/Frameworks @loader_path/Frameworks";
				PRODUCT_NAME = "$(TARGET_NAME)";
				TEST_HOST = "$(BUILT_PRODUCTS_DIR)/dropbox.app/dropbox";
			};
			name = Release;
		};
/* End XCBuildConfiguration section */

/* Begin XCConfigurationList section */
		944D5BA91AFAF12900648DD4 /* Build configuration list for PBXProject "dropbox" */ = {
			isa = XCConfigurationList;
			buildConfigurations = (
				944D5BCB1AFAF12900648DD4 /* Debug */,
				944D5BCC1AFAF12900648DD4 /* Release */,
			);
			defaultConfigurationIsVisible = 0;
			defaultConfigurationName = Release;
		};
		944D5BCD1AFAF12900648DD4 /* Build configuration list for PBXNativeTarget "dropbox" */ = {
			isa = XCConfigurationList;
			buildConfigurations = (
				944D5BCE1AFAF12900648DD4 /* Debug */,
				944D5BCF1AFAF12900648DD4 /* Release */,
			);
			defaultConfigurationIsVisible = 0;
			defaultConfigurationName = Release;
		};
		944D5BD01AFAF12900648DD4 /* Build configuration list for PBXNativeTarget "dropboxTests" */ = {
			isa = XCConfigurationList;
			buildConfigurations = (
				944D5BD11AFAF12900648DD4 /* Debug */,
				944D5BD21AFAF12900648DD4 /* Release */,
			);
			defaultConfigurationIsVisible = 0;
			defaultConfigurationName = Release;
		};
/* End XCConfigurationList section */
	};
	rootObject = 944D5BA61AFAF12900648DD4 /* Project object */;
}
